
Microsoft Visual Studio Solution File, Format Version 12.00
# Visual Studio Version 17
VisualStudioVersion = 17.13.35825.156 d17.13
MinimumVisualStudioVersion = 10.0.40219.1
Project("{FAE04EC0-301F-11D3-BF4B-00C04F79EFBC}") = "ContactList", "ContactList\ContactList.csproj", "{40A27F3D-3D36-4440-A27A-1E8E3EF0B882}"
EndProject
Global
	GlobalSection(SolutionConfigurationPlatforms) = preSolution
		Debug|Any CPU = Debug|Any CPU
		Release|Any CPU = Release|Any CPU
	EndGlobalSection
	GlobalSection(ProjectConfigurationPlatforms) = postSolution
		{40A27F3D-3D36-4440-A27A-1E8E3EF0B882}.Debug|Any CPU.ActiveCfg = Debug|Any CPU
		{40A27F3D-3D36-4440-A27A-1E8E3EF0B882}.Debug|Any CPU.Build.0 = Debug|Any CPU
		{40A27F3D-3D36-4440-A27A-1E8E3EF0B882}.Release|Any CPU.ActiveCfg = Release|Any CPU
		{40A27F3D-3D36-4440-A27A-1E8E3EF0B882}.Release|Any CPU.Build.0 = Release|Any CPU
	EndGlobalSection
	GlobalSection(SolutionProperties) = preSolution
		HideSolutionNode = FALSE
	EndGlobalSection
	GlobalSection(ExtensibilityGlobals) = postSolution
		SolutionGuid = {06B8F046-8ABC-4B1F-9299-6C2ECAC8EC22}
	EndGlobalSection
EndGlobal
